{
  "name": "escrutinio-bot",
  "version": "1.0.0",
  "lockfileVersion": 3,
  "requires": true,
  "packages": {
    "": {
      "name": "escrutinio-bot",
      "version": "1.0.0",
      "dependencies": {
        "dotenv": "^16.4.5",
        "exiftool-vendored": "^36.0.0",
        "playwright": "^1.44.1"
      }
    },
    "node_modules/@photostructure/tz-lookup": {
      "version": "11.5.0",
      "resolved": "https://registry.npmjs.org/@photostructure/tz-lookup/-/tz-lookup-11.5.0.tgz",
      "integrity": "sha512-0DVFriinZ7TeOnm9ytXeSL3NMFU87ZqMjgbPNkd8LgHFLcPg1BDyM1eewFYs+pPM+62S4fSP9Mtgijmn+6y95w==",
      "license": "CC0-1.0"
    },
    "node_modules/@types/luxon": {
      "version": "3.7.2",
      "resolved": "https://registry.npmjs.org/@types/luxon/-/luxon-3.7.2.tgz",
      "integrity": "sha512-gW+Oib+vUtGJBtNC8V9Reww0oIpusw+4m81uncg9REGZAJfqOQHfo/nkabnc7w0QReXyPqjrbWMJk6NuAkiX3Q==",
      "license": "MIT"
    },
    "node_modules/batch-cluster": {
      "version": "18.0.0",
      "resolved": "https://registry.npmjs.org/batch-cluster/-/batch-cluster-18.0.0.tgz",
      "integrity": "sha512-bfcmPuxW4i+GRTt4ypEIvzJm+rR08owweJrY5FWQPpM/mP9WJA5ClvYJGZxoSE03fIX34xgzSUHIcbcTU1Zj/A==",
      "license": "MIT",
      "engines": {
        "node": ">=22"
      }
    },
    "node_modules/dotenv": {
      "version": "16.6.1",
      "resolved": "https://registry.npmjs.org/dotenv/-/dotenv-16.6.1.tgz",
      "integrity": "sha512-uBq4egWHTcTt33a72vpSG0z3HnPuIl6NqYcTrKEg2azoEyl2hpW0zqlxysq2pK9HlDIHyHyakeYaYnSAwd8bow==",
      "license": "BSD-2-Clause",
      "engines": {
        "node": ">=12"
      },
      "funding": {
        "url": "https://dotenvx.com"
      }
    },
    "node_modules/exiftool-vendored": {
      "version": "36.0.0",
      "resolved": "https://registry.npmjs.org/exiftool-vendored/-/exiftool-vendored-36.0.0.tgz",
      "integrity": "sha512-XxCnyNhBkZAQ0HLv9WUU74QA8fopWnpEk4MDDFQiXHHQ9nO2dT7AXPvXcqueh96Rm9h+xBKFrQV95MLdPLo7UQ==",
      "license": "MIT",
      "dependencies": {
        "@photostructure/tz-lookup": "^11.5.0",
        "@types/luxon": "^3.7.1",
        "batch-cluster": "^18.0.0",
        "he": "^1.2.0",
        "luxon": "^3.7.2"
      },
      "engines": {
        "node": ">=22"
      },
      "optionalDependencies": {
        "exiftool-vendored.exe": "13.59.0",
        "exiftool-vendored.pl": "13.59.0"
      }
    },
    "node_modules/exiftool-vendored.exe": {
      "version": "13.59.0",
      "resolved": "https://registry.npmjs.org/exiftool-vendored.exe/-/exiftool-vendored.exe-13.59.0.tgz",
      "integrity": "sha512-d+Glvl77sKAt3ybMyE2o9eLMtublnZIlii7QGFej5CwcPwvq9v440CmKnLvufzdUV3RGXU1q1/rZepONUNXJIQ==",
      "license": "MIT",
      "optional": true,
      "os": [
        "win32"
      ]
    },
    "node_modules/exiftool-vendored.pl": {
      "version": "13.59.0",
      "resolved": "https://registry.npmjs.org/exiftool-vendored.pl/-/exiftool-vendored.pl-13.59.0.tgz",
      "integrity": "sha512-6YlBpi4pcfSmIYcsied6g4+XlDe7KSKMf5WPsLBpUCiD5PyO2fd1v/Ob37VZDj36+9XCRnXY98fqVfCfNIq8ug==",
      "license": "MIT",
      "optional": true,
      "os": [
        "!win32"
      ],
      "bin": {
        "exiftool": "bin/exiftool"
      }
    },
    "node_modules/fsevents": {
      "version": "2.3.2",
      "resolved": "https://registry.npmjs.org/fsevents/-/fsevents-2.3.2.tgz",
      "integrity": "sha512-xiqMQR4xAeHTuB9uWm+fFRcIOgKBMiOBP+eXiyT7jsgVCq1bkVygt00oASowB7EdtpOHaaPgKt812P9ab+DDKA==",
      "hasInstallScript": true,
      "license": "MIT",
      "optional": true,
      "os": [
        "darwin"
      ],
      "engines": {
        "node": "^8.16.0 || ^10.6.0 || >=11.0.0"
      }
    },
    "node_modules/he": {
      "version": "1.2.0",
      "resolved": "https://registry.npmjs.org/he/-/he-1.2.0.tgz",
      "integrity": "sha512-F/1DnUGPopORZi0ni+CvrCgHQ5FyEAHRLSApuYWMmrbSwoN2Mn/7k+Gl38gJnR7yyDZk6WLXwiGod1JOWNDKGw==",
      "license": "MIT",
      "bin": {
        "he": "bin/he"
      }
    },
    "node_modules/luxon": {
      "version": "3.7.2",
      "resolved": "https://registry.npmjs.org/luxon/-/luxon-3.7.2.tgz",
      "integrity": "sha512-vtEhXh/gNjI9Yg1u4jX/0YVPMvxzHuGgCm6tC5kZyb08yjGWGnqAjGJvcXbqQR2P3MyMEFnRbpcdFS6PBcLqew==",
      "license": "MIT",
      "engines": {
        "node": ">=12"
      }
    },
    "node_modules/playwright": {
      "version": "1.61.0",
      "resolved": "https://registry.npmjs.org/playwright/-/playwright-1.61.0.tgz",
      "integrity": "sha512-Z+7BeeqQPRRzklHsVFP4KTGIyMxKUmfeRA4WisM6G3/XW6nwGeX6fX9qYaDa+CiUqpOkb2f6X3nar05R3kSuJQ==",
      "license": "Apache-2.0",
      "dependencies": {
        "playwright-core": "1.61.0"
      },
      "bin": {
        "playwright": "cli.js"
      },
      "engines": {
        "node": ">=18"
      },
      "optionalDependencies": {
        "fsevents": "2.3.2"
      }
    },
    "node_modules/playwright-core": {
      "version": "1.61.0",
      "resolved": "https://registry.npmjs.org/playwright-core/-/playwright-core-1.61.0.tgz",
      "integrity": "sha512-caX7TrY3Ml6egyDX0WUcTHDxodl/b51y5wJOdCEA36QviK/s2g081hvmGs8eaE3DWb6NYZQ6BjO/QkNRPenoPA==",
      "license": "Apache-2.0",
      "bin": {
        "playwright-core": "cli.js"
      },
      "engines": {
        "node": ">=18"
      }
    }
  }
}
